// !$*UTF8*$!
{
	archiveVersion = 1;
	classes = {
	};
	objectVersion = 46;
	objects = {

/* Begin PBXBuildFile section */
		8596BB0358A7071ED543B47E /* libPods-DKPracticeProjectUITests.a in Frameworks */ = {isa = PBXBuildFile; fileRef = B67CEB9DBDBD3A8449214E5F /* libPods-DKPracticeProjectUITests.a */; };
		C21541F45270DD8A37BFB59F /* libPods-DKPracticeProject.a in Frameworks */ = {isa = PBXBuildFile; fileRef = A10A992067B1AF387BA0D298 /* libPods-DKPracticeProject.a */; };
		E0DBF831AAC19DB41D26A391 /* libPods-DKPracticeProjectTests.a in Frameworks */ = {isa = PBXBuildFile; fileRef = F26C594703843F5B1C27D2BC /* libPods-DKPracticeProjectTests.a */; };
		FF01F5AB1E49BCFA00B4512C /* main.m in Sources */ = {isa = PBXBuildFile; fileRef = FF01F5AA1E49BCFA00B4512C /* main.m */; };
		FF01F5AE1E49BCFA00B4512C /* AppDelegate.m in Sources */ = {isa = PBXBuildFile; fileRef = FF01F5AD1E49BCFA00B4512C /* AppDelegate.m */; };
		FF01F5B11E49BCFA00B4512C /* ViewController.m in Sources */ = {isa = PBXBuildFile; fileRef = FF01F5B01E49BCFA00B4512C /* ViewController.m */; };
		FF01F5B41E49BCFA00B4512C /* Main.storyboard in Resources */ = {isa = PBXBuildFile; fileRef = FF01F5B21E49BCFA00B4512C /* Main.storyboard */; };
		FF01F5B61E49BCFA00B4512C /* Assets.xcassets in Resources */ = {isa = PBXBuildFile; fileRef = FF01F5B51E49BCFA00B4512C /* Assets.xcassets */; };
		FF01F5B91E49BCFA00B4512C /* LaunchScreen.storyboard in Resources */ = {isa = PBXBuildFile; fileRef = FF01F5B71E49BCFA00B4512C /* LaunchScreen.storyboard */; };
		FF01F5C41E49BCFA00B4512C /* DKPracticeProjectTests.m in Sources */ = {isa = PBXBuildFile; fileRef = FF01F5C31E49BCFA00B4512C /* DKPracticeProjectTests.m */; };
		FF01F5CF1E49BCFA00B4512C /* DKPracticeProjectUITests.m in Sources */ = {isa = PBXBuildFile; fileRef = FF01F5CE1E49BCFA00B4512C /* DKPracticeProjectUITests.m */; };
		FF0205A11E5D7D4500AF3D50 /* 1.m4v in Resources */ = {isa = PBXBuildFile; fileRef = FF02059E1E5D7D4500AF3D50 /* 1.m4v */; };
		FF0205A21E5D7D4500AF3D50 /* 2.m4v in Resources */ = {isa = PBXBuildFile; fileRef = FF02059F1E5D7D4500AF3D50 /* 2.m4v */; };
		FF0205A31E5D7D4500AF3D50 /* 3.m4v in Resources */ = {isa = PBXBuildFile; fileRef = FF0205A01E5D7D4500AF3D50 /* 3.m4v */; };
		FF0205A91E5D7DB000AF3D50 /* DKNavigationController.m in Sources */ = {isa = PBXBuildFile; fileRef = FF0205A81E5D7DB000AF3D50 /* DKNavigationController.m */; };
		FF0205AC1E5D7E1A00AF3D50 /* DKAVPlayerViewController.m in Sources */ = {isa = PBXBuildFile; fileRef = FF0205AB1E5D7E1A00AF3D50 /* DKAVPlayerViewController.m */; };
		FF0205AF1E5D8B3200AF3D50 /* DKTabBarController.m in Sources */ = {isa = PBXBuildFile; fileRef = FF0205AE1E5D8B3200AF3D50 /* DKTabBarController.m */; };
		FF2AB65C1E4AC9FC000355B5 /* DkGuidePageVc.m in Sources */ = {isa = PBXBuildFile; fileRef = FF2AB65B1E4AC9FC000355B5 /* DkGuidePageVc.m */; };
		FFA129851E58513C00E7378F /* timg.jpeg in Resources */ = {isa = PBXBuildFile; fileRef = FFA129821E58513C00E7378F /* timg.jpeg */; };
		FFA129861E58513C00E7378F /* timg1.jpeg in Resources */ = {isa = PBXBuildFile; fileRef = FFA129831E58513C00E7378F /* timg1.jpeg */; };
		FFA129871E58513C00E7378F /* timg2.jpeg in Resources */ = {isa = PBXBuildFile; fileRef = FFA129841E58513C00E7378F /* timg2.jpeg */; };
/* End PBXBuildFile section */

/* Begin PBXContainerItemProxy section */
		FF01F5C01E49BCFA00B4512C /* PBXContainerItemProxy */ = {
			isa = PBXContainerItemProxy;
			containerPortal = FF01F59E1E49BCFA00B4512C /* Project object */;
			proxyType = 1;
			remoteGlobalIDString = FF01F5A51E49BCFA00B4512C;
			remoteInfo = DKPracticeProject;
		};
		FF01F5CB1E49BCFA00B4512C /* PBXContainerItemProxy */ = {
			isa = PBXContainerItemProxy;
			containerPortal = FF01F59E1E49BCFA00B4512C /* Project object */;
			proxyType = 1;
			remoteGlobalIDString = FF01F5A51E49BCFA00B4512C;
			remoteInfo = DKPracticeProject;
		};
/* End PBXContainerItemProxy section */

/* Begin PBXFileReference section */
		07EC075143F0848F727AC3D9 /* Pods-DKPracticeProjectTests.debug.xcconfig */ = {isa = PBXFileReference; includeInIndex = 1; lastKnownFileType = text.xcconfig; name = "Pods-DKPracticeProjectTests.debug.xcconfig"; path = "Pods/Target Support Files/Pods-DKPracticeProjectTests/Pods-DKPracticeProjectTests.debug.xcconfig"; sourceTree = "<group>"; };
		4293FA1A301C64793D983510 /* Pods-DKPracticeProjectUITests.release.xcconfig */ = {isa = PBXFileReference; includeInIndex = 1; lastKnownFileType = text.xcconfig; name = "Pods-DKPracticeProjectUITests.release.xcconfig"; path = "Pods/Target Support Files/Pods-DKPracticeProjectUITests/Pods-DKPracticeProjectUITests.release.xcconfig"; sourceTree = "<group>"; };
		5E8DE74184D88C854E68FCC7 /* Pods-DKPracticeProject.debug.xcconfig */ = {isa = PBXFileReference; includeInIndex = 1; lastKnownFileType = text.xcconfig; name = "Pods-DKPracticeProject.debug.xcconfig"; path = "Pods/Target Support Files/Pods-DKPracticeProject/Pods-DKPracticeProject.debug.xcconfig"; sourceTree = "<group>"; };
		60CF24CE4F4B0F94C5C91261 /* Pods-DKPracticeProject.release.xcconfig */ = {isa = PBXFileReference; includeInIndex = 1; lastKnownFileType = text.xcconfig; name = "Pods-DKPracticeProject.release.xcconfig"; path = "Pods/Target Support Files/Pods-DKPracticeProject/Pods-DKPracticeProject.release.xcconfig"; sourceTree = "<group>"; };
		A10A992067B1AF387BA0D298 /* libPods-DKPracticeProject.a */ = {isa = PBXFileReference; explicitFileType = archive.ar; includeInIndex = 0; path = "libPods-DKPracticeProject.a"; sourceTree = BUILT_PRODUCTS_DIR; };
		B67CEB9DBDBD3A8449214E5F /* libPods-DKPracticeProjectUITests.a */ = {isa = PBXFileReference; explicitFileType = archive.ar; includeInIndex = 0; path = "libPods-DKPracticeProjectUITests.a"; sourceTree = BUILT_PRODUCTS_DIR; };
		BE4DCEAA47C9D7E400773DA7 /* Pods-DKPracticeProjectTests.release.xcconfig */ = {isa = PBXFileReference; includeInIndex = 1; lastKnownFileType = text.xcconfig; name = "Pods-DKPracticeProjectTests.release.xcconfig"; path = "Pods/Target Support Files/Pods-DKPracticeProjectTests/Pods-DKPracticeProjectTests.release.xcconfig"; sourceTree = "<group>"; };
		F26C594703843F5B1C27D2BC /* libPods-DKPracticeProjectTests.a */ = {isa = PBXFileReference; explicitFileType = archive.ar; includeInIndex = 0; path = "libPods-DKPracticeProjectTests.a"; sourceTree = BUILT_PRODUCTS_DIR; };
		FE733568C3B747B2570E2C0E /* Pods-DKPracticeProjectUITests.debug.xcconfig */ = {isa = PBXFileReference; includeInIndex = 1; lastKnownFileType = text.xcconfig; name = "Pods-DKPracticeProjectUITests.debug.xcconfig"; path = "Pods/Target Support Files/Pods-DKPracticeProjectUITests/Pods-DKPracticeProjectUITests.debug.xcconfig"; sourceTree = "<group>"; };
		FF01F5A61E49BCFA00B4512C /* DKPracticeProject.app */ = {isa = PBXFileReference; explicitFileType = wrapper.application; includeInIndex = 0; path = DKPracticeProject.app; sourceTree = BUILT_PRODUCTS_DIR; };
		FF01F5AA1E49BCFA00B4512C /* main.m */ = {isa = PBXFileReference; lastKnownFileType = sourcecode.c.objc; path = main.m; sourceTree = "<group>"; };
		FF01F5AC1E49BCFA00B4512C /* AppDelegate.h */ = {isa = PBXFileReference; lastKnownFileType = sourcecode.c.h; path = AppDelegate.h; sourceTree = "<group>"; };
		FF01F5AD1E49BCFA00B4512C /* AppDelegate.m */ = {isa = PBXFileReference; lastKnownFileType = sourcecode.c.objc; path = AppDelegate.m; sourceTree = "<group>"; };
		FF01F5AF1E49BCFA00B4512C /* ViewController.h */ = {isa = PBXFileReference; lastKnownFileType = sourcecode.c.h; path = ViewController.h; sourceTree = "<group>"; };
		FF01F5B01E49BCFA00B4512C /* ViewController.m */ = {isa = PBXFileReference; lastKnownFileType = sourcecode.c.objc; path = ViewController.m; sourceTree = "<group>"; };
		FF01F5B31E49BCFA00B4512C /* Base */ = {isa = PBXFileReference; lastKnownFileType = file.storyboard; name = Base; path = Base.lproj/Main.storyboard; sourceTree = "<group>"; };
		FF01F5B51E49BCFA00B4512C /* Assets.xcassets */ = {isa = PBXFileReference; lastKnownFileType = folder.assetcatalog; path = Assets.xcassets; sourceTree = "<group>"; };
		FF01F5B81E49BCFA00B4512C /* Base */ = {isa = PBXFileReference; lastKnownFileType = file.storyboard; name = Base; path = Base.lproj/LaunchScreen.storyboard; sourceTree = "<group>"; };
		FF01F5BA1E49BCFA00B4512C /* Info.plist */ = {isa = PBXFileReference; lastKnownFileType = text.plist.xml; path = Info.plist; sourceTree = "<group>"; };
		FF01F5BF1E49BCFA00B4512C /* DKPracticeProjectTests.xctest */ = {isa = PBXFileReference; explicitFileType = wrapper.cfbundle; includeInIndex = 0; path = DKPracticeProjectTests.xctest; sourceTree = BUILT_PRODUCTS_DIR; };
		FF01F5C31E49BCFA00B4512C /* DKPracticeProjectTests.m */ = {isa = PBXFileReference; lastKnownFileType = sourcecode.c.objc; path = DKPracticeProjectTests.m; sourceTree = "<group>"; };
		FF01F5C51E49BCFA00B4512C /* Info.plist */ = {isa = PBXFileReference; lastKnownFileType = text.plist.xml; path = Info.plist; sourceTree = "<group>"; };
		FF01F5CA1E49BCFA00B4512C /* DKPracticeProjectUITests.xctest */ = {isa = PBXFileReference; explicitFileType = wrapper.cfbundle; includeInIndex = 0; path = DKPracticeProjectUITests.xctest; sourceTree = BUILT_PRODUCTS_DIR; };
		FF01F5CE1E49BCFA00B4512C /* DKPracticeProjectUITests.m */ = {isa = PBXFileReference; lastKnownFileType = sourcecode.c.objc; path = DKPracticeProjectUITests.m; sourceTree = "<group>"; };
		FF01F5D01E49BCFA00B4512C /* Info.plist */ = {isa = PBXFileReference; lastKnownFileType = text.plist.xml; path = Info.plist; sourceTree = "<group>"; };
		FF02059E1E5D7D4500AF3D50 /* 1.m4v */ = {isa = PBXFileReference; lastKnownFileType = file; path = 1.m4v; sourceTree = "<group>"; };
		FF02059F1E5D7D4500AF3D50 /* 2.m4v */ = {isa = PBXFileReference; lastKnownFileType = file; path = 2.m4v; sourceTree = "<group>"; };
		FF0205A01E5D7D4500AF3D50 /* 3.m4v */ = {isa = PBXFileReference; lastKnownFileType = file; path = 3.m4v; sourceTree = "<group>"; };
		FF0205A71E5D7DB000AF3D50 /* DKNavigationController.h */ = {isa = PBXFileReference; fileEncoding = 4; lastKnownFileType = sourcecode.c.h; path = DKNavigationController.h; sourceTree = "<group>"; };
		FF0205A81E5D7DB000AF3D50 /* DKNavigationController.m */ = {isa = PBXFileReference; fileEncoding = 4; lastKnownFileType = sourcecode.c.objc; path = DKNavigationController.m; sourceTree = "<group>"; };
		FF0205AA1E5D7E1A00AF3D50 /* DKAVPlayerViewController.h */ = {isa = PBXFileReference; fileEncoding = 4; lastKnownFileType = sourcecode.c.h; path = DKAVPlayerViewController.h; sourceTree = "<group>"; };
		FF0205AB1E5D7E1A00AF3D50 /* DKAVPlayerViewController.m */ = {isa = PBXFileReference; fileEncoding = 4; lastKnownFileType = sourcecode.c.objc; path = DKAVPlayerViewController.m; sourceTree = "<group>"; };
		FF0205AD1E5D8B3200AF3D50 /* DKTabBarController.h */ = {isa = PBXFileReference; fileEncoding = 4; lastKnownFileType = sourcecode.c.h; path = DKTabBarController.h; sourceTree = "<group>"; };
		FF0205AE1E5D8B3200AF3D50 /* DKTabBarController.m */ = {isa = PBXFileReference; fileEncoding = 4; lastKnownFileType = sourcecode.c.objc; path = DKTabBarController.m; sourceTree = "<group>"; };
		FF2AB65A1E4AC9FC000355B5 /* DkGuidePageVc.h */ = {isa = PBXFileReference; fileEncoding = 4; lastKnownFileType = sourcecode.c.h; path = DkGuidePageVc.h; sourceTree = "<group>"; };
		FF2AB65B1E4AC9FC000355B5 /* DkGuidePageVc.m */ = {isa = PBXFileReference; fileEncoding = 4; lastKnownFileType = sourcecode.c.objc; path = DkGuidePageVc.m; sourceTree = "<group>"; };
		FFA1297E1E58440400E7378F /* PrefixHeader.pch */ = {isa = PBXFileReference; fileEncoding = 4; lastKnownFileType = sourcecode.c.h; path = PrefixHeader.pch; sourceTree = "<group>"; };
		FFA129811E5845A200E7378F /* DkCommonHeader.h */ = {isa = PBXFileReference; lastKnownFileType = sourcecode.c.h; path = DkCommonHeader.h; sourceTree = "<group>"; };
		FFA129821E58513C00E7378F /* timg.jpeg */ = {isa = PBXFileReference; lastKnownFileType = image.jpeg; path = timg.jpeg; sourceTree = "<group>"; };
		FFA129831E58513C00E7378F /* timg1.jpeg */ = {isa = PBXFileReference; lastKnownFileType = image.jpeg; path = timg1.jpeg; sourceTree = "<group>"; };
		FFA129841E58513C00E7378F /* timg2.jpeg */ = {isa = PBXFileReference; lastKnownFileType = image.jpeg; path = timg2.jpeg; sourceTree = "<group>"; };
/* End PBXFileReference section */

/* Begin PBXFrameworksBuildPhase section */
		FF01F5A31E49BCFA00B4512C /* Frameworks */ = {
			isa = PBXFrameworksBuildPhase;
			buildActionMask = 2147483647;
			files = (
				C21541F45270DD8A37BFB59F /* libPods-DKPracticeProject.a in Frameworks */,
			);
			runOnlyForDeploymentPostprocessing = 0;
		};
		FF01F5BC1E49BCFA00B4512C /* Frameworks */ = {
			isa = PBXFrameworksBuildPhase;
			buildActionMask = 2147483647;
			files = (
				E0DBF831AAC19DB41D26A391 /* libPods-DKPracticeProjectTests.a in Frameworks */,
			);
			runOnlyForDeploymentPostprocessing = 0;
		};
		FF01F5C71E49BCFA00B4512C /* Frameworks */ = {
			isa = PBXFrameworksBuildPhase;
			buildActionMask = 2147483647;
			files = (
				8596BB0358A7071ED543B47E /* libPods-DKPracticeProjectUITests.a in Frameworks */,
			);
			runOnlyForDeploymentPostprocessing = 0;
		};
/* End PBXFrameworksBuildPhase section */

/* Begin PBXGroup section */
		9697A9FDA32282D9AB67B30F /* Frameworks */ = {
			isa = PBXGroup;
			children = (
				A10A992067B1AF387BA0D298 /* libPods-DKPracticeProject.a */,
				F26C594703843F5B1C27D2BC /* libPods-DKPracticeProjectTests.a */,
				B67CEB9DBDBD3A8449214E5F /* libPods-DKPracticeProjectUITests.a */,
			);
			name = Frameworks;
			sourceTree = "<group>";
		};
		DDE43B131547763D7D61FD89 /* Pods */ = {
			isa = PBXGroup;
			children = (
				5E8DE74184D88C854E68FCC7 /* Pods-DKPracticeProject.debug.xcconfig */,
				60CF24CE4F4B0F94C5C91261 /* Pods-DKPracticeProject.release.xcconfig */,
				07EC075143F0848F727AC3D9 /* Pods-DKPracticeProjectTests.debug.xcconfig */,
				BE4DCEAA47C9D7E400773DA7 /* Pods-DKPracticeProjectTests.release.xcconfig */,
				FE733568C3B747B2570E2C0E /* Pods-DKPracticeProjectUITests.debug.xcconfig */,
				4293FA1A301C64793D983510 /* Pods-DKPracticeProjectUITests.release.xcconfig */,
			);
			name = Pods;
			sourceTree = "<group>";
		};
		FF01F59D1E49BCFA00B4512C = {
			isa = PBXGroup;
			children = (
				FF01F5A81E49BCFA00B4512C /* DKPracticeProject */,
				FF01F5C21E49BCFA00B4512C /* DKPracticeProjectTests */,
				FF01F5CD1E49BCFA00B4512C /* DKPracticeProjectUITests */,
				FF01F5A71E49BCFA00B4512C /* Products */,
				DDE43B131547763D7D61FD89 /* Pods */,
				9697A9FDA32282D9AB67B30F /* Frameworks */,
			);
			sourceTree = "<group>";
		};
		FF01F5A71E49BCFA00B4512C /* Products */ = {
			isa = PBXGroup;
			children = (
				FF01F5A61E49BCFA00B4512C /* DKPracticeProject.app */,
				FF01F5BF1E49BCFA00B4512C /* DKPracticeProjectTests.xctest */,
				FF01F5CA1E49BCFA00B4512C /* DKPracticeProjectUITests.xctest */,
			);
			name = Products;
			sourceTree = "<group>";
		};
		FF01F5A81E49BCFA00B4512C /* DKPracticeProject */ = {
			isa = PBXGroup;
			children = (
				FFA1297F1E58459400E7378F /* DkCommon */,
				FF2AB6561E4AC8CB000355B5 /* DkImageSource */,
				FF2AB6571E4AC8CB000355B5 /* DkModel */,
				FF2AB6581E4AC8CB000355B5 /* DkViewController */,
				FF01F5AC1E49BCFA00B4512C /* AppDelegate.h */,
				FF01F5AD1E49BCFA00B4512C /* AppDelegate.m */,
				FF01F5AF1E49BCFA00B4512C /* ViewController.h */,
				FF01F5B01E49BCFA00B4512C /* ViewController.m */,
				FF01F5B21E49BCFA00B4512C /* Main.storyboard */,
				FF01F5B51E49BCFA00B4512C /* Assets.xcassets */,
				FF01F5B71E49BCFA00B4512C /* LaunchScreen.storyboard */,
				FF01F5BA1E49BCFA00B4512C /* Info.plist */,
				FF01F5A91E49BCFA00B4512C /* Supporting Files */,
			);
			path = DKPracticeProject;
			sourceTree = "<group>";
		};
		FF01F5A91E49BCFA00B4512C /* Supporting Files */ = {
			isa = PBXGroup;
			children = (
				FF01F5AA1E49BCFA00B4512C /* main.m */,
				FFA1297E1E58440400E7378F /* PrefixHeader.pch */,
			);
			name = "Supporting Files";
			sourceTree = "<group>";
		};
		FF01F5C21E49BCFA00B4512C /* DKPracticeProjectTests */ = {
			isa = PBXGroup;
			children = (
				FF01F5C31E49BCFA00B4512C /* DKPracticeProjectTests.m */,
				FF01F5C51E49BCFA00B4512C /* Info.plist */,
			);
			path = DKPracticeProjectTests;
			sourceTree = "<group>";
		};
		FF01F5CD1E49BCFA00B4512C /* DKPracticeProjectUITests */ = {
			isa = PBXGroup;
			children = (
				FF01F5CE1E49BCFA00B4512C /* DKPracticeProjectUITests.m */,
				FF01F5D01E49BCFA00B4512C /* Info.plist */,
			);
			path = DKPracticeProjectUITests;
			sourceTree = "<group>";
		};
		FF2AB6561E4AC8CB000355B5 /* DkImageSource */ = {
			isa = PBXGroup;
			children = (
				FF02059E1E5D7D4500AF3D50 /* 1.m4v */,
				FF02059F1E5D7D4500AF3D50 /* 2.m4v */,
				FF0205A01E5D7D4500AF3D50 /* 3.m4v */,
				FFA129821E58513C00E7378F /* timg.jpeg */,
				FFA129831E58513C00E7378F /* timg1.jpeg */,
				FFA129841E58513C00E7378F /* timg2.jpeg */,
			);
			path = DkImageSource;
			sourceTree = "<group>";
		};
		FF2AB6571E4AC8CB000355B5 /* DkModel */ = {
			isa = PBXGroup;
			children = (
			);
			path = DkModel;
			sourceTree = "<group>";
		};
		FF2AB6581E4AC8CB000355B5 /* DkViewController */ = {
			isa = PBXGroup;
			children = (
				FF2AB6591E4AC97F000355B5 /* 引导页 */,
				FF0205A71E5D7DB000AF3D50 /* DKNavigationController.h */,
				FF0205A81E5D7DB000AF3D50 /* DKNavigationController.m */,
				FF0205AD1E5D8B3200AF3D50 /* DKTabBarController.h */,
				FF0205AE1E5D8B3200AF3D50 /* DKTabBarController.m */,
			);
			path = DkViewController;
			sourceTree = "<group>";
		};
		FF2AB6591E4AC97F000355B5 /* 引导页 */ = {
			isa = PBXGroup;
			children = (
				FF2AB65A1E4AC9FC000355B5 /* DkGuidePageVc.h */,
				FF2AB65B1E4AC9FC000355B5 /* DkGuidePageVc.m */,
				FF0205AA1E5D7E1A00AF3D50 /* DKAVPlayerViewController.h */,
				FF0205AB1E5D7E1A00AF3D50 /* DKAVPlayerViewController.m */,
			);
			path = "引导页";
			sourceTree = "<group>";
		};
		FFA1297F1E58459400E7378F /* DkCommon */ = {
			isa = PBXGroup;
			children = (
				FFA129801E58459400E7378F /* DkDefine */,
			);
			path = DkCommon;
			sourceTree = "<group>";
		};
		FFA129801E58459400E7378F /* DkDefine */ = {
			isa = PBXGroup;
			children = (
				FFA129811E5845A200E7378F /* DkCommonHeader.h */,
			);
			path = DkDefine;
			sourceTree = "<group>";
		};
/* End PBXGroup section */

/* Begin PBXNativeTarget section */
		FF01F5A51E49BCFA00B4512C /* DKPracticeProject */ = {
			isa = PBXNativeTarget;
			buildConfigurationList = FF01F5D31E49BCFA00B4512C /* Build configuration list for PBXNativeTarget "DKPracticeProject" */;
			buildPhases = (
				9CE24D394003E47BAAFE33B6 /* 📦 Check Pods Manifest.lock */,
				FF01F5A21E49BCFA00B4512C /* Sources */,
				FF01F5A31E49BCFA00B4512C /* Frameworks */,
				FF01F5A41E49BCFA00B4512C /* Resources */,
				BDD8184754C592512E7E1501 /* 📦 Embed Pods Frameworks */,
				5CB49C871B7EB09F9EA2244E /* 📦 Copy Pods Resources */,
			);
			buildRules = (
			);
			dependencies = (
			);
			name = DKPracticeProject;
			productName = DKPracticeProject;
			productReference = FF01F5A61E49BCFA00B4512C /* DKPracticeProject.app */;
			productType = "com.apple.product-type.application";
		};
		FF01F5BE1E49BCFA00B4512C /* DKPracticeProjectTests */ = {
			isa = PBXNativeTarget;
			buildConfigurationList = FF01F5D61E49BCFA00B4512C /* Build configuration list for PBXNativeTarget "DKPracticeProjectTests" */;
			buildPhases = (
				6FED0384317F8C7940C7CE72 /* 📦 Check Pods Manifest.lock */,
				FF01F5BB1E49BCFA00B4512C /* Sources */,
				FF01F5BC1E49BCFA00B4512C /* Frameworks */,
				FF01F5BD1E49BCFA00B4512C /* Resources */,
				23D3415A663EBC285ADC1804 /* 📦 Embed Pods Frameworks */,
				C139556C2463CFB27C1CB99F /* 📦 Copy Pods Resources */,
			);
			buildRules = (
			);
			dependencies = (
				FF01F5C11E49BCFA00B4512C /* PBXTargetDependency */,
			);
			name = DKPracticeProjectTests;
			productName = DKPracticeProjectTests;
			productReference = FF01F5BF1E49BCFA00B4512C /* DKPracticeProjectTests.xctest */;
			productType = "com.apple.product-type.bundle.unit-test";
		};
		FF01F5C91E49BCFA00B4512C /* DKPracticeProjectUITests */ = {
			isa = PBXNativeTarget;
			buildConfigurationList = FF01F5D91E49BCFA00B4512C /* Build configuration list for PBXNativeTarget "DKPracticeProjectUITests" */;
			buildPhases = (
				37D86C4F6C40AB2CCEC607C5 /* 📦 Check Pods Manifest.lock */,
				FF01F5C61E49BCFA00B4512C /* Sources */,
				FF01F5C71E49BCFA00B4512C /* Frameworks */,
				FF01F5C81E49BCFA00B4512C /* Resources */,
				3881157A2D4DE9ED0EFFE4B3 /* 📦 Copy Pods Resources */,
			);
			buildRules = (
			);
			dependencies = (
				FF01F5CC1E49BCFA00B4512C /* PBXTargetDependency */,
			);
			name = DKPracticeProjectUITests;
			productName = DKPracticeProjectUITests;
			productReference = FF01F5CA1E49BCFA00B4512C /* DKPracticeProjectUITests.xctest */;
			productType = "com.apple.product-type.bundle.ui-testing";
		};
/* End PBXNativeTarget section */

/* Begin PBXProject section */
		FF01F59E1E49BCFA00B4512C /* Project object */ = {
			isa = PBXProject;
			attributes = {
				LastUpgradeCheck = 0820;
				ORGANIZATIONNAME = "党坤";
				TargetAttributes = {
					FF01F5A51E49BCFA00B4512C = {
						CreatedOnToolsVersion = 8.2;
						DevelopmentTeam = Y4EZ9DYXN7;
						ProvisioningStyle = Automatic;
					};
					FF01F5BE1E49BCFA00B4512C = {
						CreatedOnToolsVersion = 8.2;
						DevelopmentTeam = Y4EZ9DYXN7;
						ProvisioningStyle = Automatic;
						TestTargetID = FF01F5A51E49BCFA00B4512C;
					};
					FF01F5C91E49BCFA00B4512C = {
						CreatedOnToolsVersion = 8.2;
						DevelopmentTeam = Y4EZ9DYXN7;
						ProvisioningStyle = Automatic;
						TestTargetID = FF01F5A51E49BCFA00B4512C;
					};
				};
			};
			buildConfigurationList = FF01F5A11E49BCFA00B4512C /* Build configuration list for PBXProject "DKPracticeProject" */;
			compatibilityVersion = "Xcode 3.2";
			developmentRegion = English;
			hasScannedForEncodings = 0;
			knownRegions = (
				en,
				Base,
			);
			mainGroup = FF01F59D1E49BCFA00B4512C;
			productRefGroup = FF01F5A71E49BCFA00B4512C /* Products */;
			projectDirPath = "";
			projectRoot = "";
			targets = (
				FF01F5A51E49BCFA00B4512C /* DKPracticeProject */,
				FF01F5BE1E49BCFA00B4512C /* DKPracticeProjectTests */,
				FF01F5C91E49BCFA00B4512C /* DKPracticeProjectUITests */,
			);
		};
/* End PBXProject section */

/* Begin PBXResourcesBuildPhase section */
		FF01F5A41E49BCFA00B4512C /* Resources */ = {
			isa = PBXResourcesBuildPhase;
			buildActionMask = 2147483647;
			files = (
				FF0205A31E5D7D4500AF3D50 /* 3.m4v in Resources */,
				FF01F5B91E49BCFA00B4512C /* LaunchScreen.storyboard in Resources */,
				FFA129871E58513C00E7378F /* timg2.jpeg in Resources */,
				FF01F5B61E49BCFA00B4512C /* Assets.xcassets in Resources */,
				FFA129851E58513C00E7378F /* timg.jpeg in Resources */,
				FF0205A21E5D7D4500AF3D50 /* 2.m4v in Resources */,
				FFA129861E58513C00E7378F /* timg1.jpeg in Resources */,
				FF01F5B41E49BCFA00B4512C /* Main.storyboard in Resources */,
				FF0205A11E5D7D4500AF3D50 /* 1.m4v in Resources */,
			);
			runOnlyForDeploymentPostprocessing = 0;
		};
		FF01F5BD1E49BCFA00B4512C /* Resources */ = {
			isa = PBXResourcesBuildPhase;
			buildActionMask = 2147483647;
			files = (
			);
			runOnlyForDeploymentPostprocessing = 0;
		};
		FF01F5C81E49BCFA00B4512C /* Resources */ = {
			isa = PBXResourcesBuildPhase;
			buildActionMask = 2147483647;
			files = (
			);
			runOnlyForDeploymentPostprocessing = 0;
		};
/* End PBXResourcesBuildPhase section */

/* Begin PBXShellScriptBuildPhase section */
		23D3415A663EBC285ADC1804 /* 📦 Embed Pods Frameworks */ = {
			isa = PBXShellScriptBuildPhase;
			buildActionMask = 2147483647;
			files = (
			);
			inputPaths = (
			);
			name = "📦 Embed Pods Frameworks";
			outputPaths = (
			);
			runOnlyForDeploymentPostprocessing = 0;
			shellPath = /bin/sh;
			shellScript = "\"${SRCROOT}/Pods/Target Support Files/Pods-DKPracticeProjectTests/Pods-DKPracticeProjectTests-frameworks.sh\"\n";
			showEnvVarsInLog = 0;
		};
		37D86C4F6C40AB2CCEC607C5 /* 📦 Check Pods Manifest.lock */ = {
			isa = PBXShellScriptBuildPhase;
			buildActionMask = 2147483647;
			files = (
			);
			inputPaths = (
			);
			name = "📦 Check Pods Manifest.lock";
			outputPaths = (
			);
			runOnlyForDeploymentPostprocessing = 0;
			shellPath = /bin/sh;
			shellScript = "diff \"${PODS_ROOT}/../Podfile.lock\" \"${PODS_ROOT}/Manifest.lock\" > /dev/null\nif [[ $? != 0 ]] ; then\n    cat << EOM\nerror: The sandbox is not in sync with the Podfile.lock. Run 'pod install' or update your CocoaPods installation.\nEOM\n    exit 1\nfi\n";
			showEnvVarsInLog = 0;
		};
		3881157A2D4DE9ED0EFFE4B3 /* 📦 Copy Pods Resources */ = {
			isa = PBXShellScriptBuildPhase;
			buildActionMask = 2147483647;
			files = (
			);
			inputPaths = (
			);
			name = "📦 Copy Pods Resources";
			outputPaths = (
			);
			runOnlyForDeploymentPostprocessing = 0;
			shellPath = /bin/sh;
			shellScript = "\"${SRCROOT}/Pods/Target Support Files/Pods-DKPracticeProjectUITests/Pods-DKPracticeProjectUITests-resources.sh\"\n";
			showEnvVarsInLog = 0;
		};
		5CB49C871B7EB09F9EA2244E /* 📦 Copy Pods Resources */ = {
			isa = PBXShellScriptBuildPhase;
			buildActionMask = 2147483647;
			files = (
			);
			inputPaths = (
			);
			name = "📦 Copy Pods Resources";
			outputPaths = (
			);
			runOnlyForDeploymentPostprocessing = 0;
			shellPath = /bin/sh;
			shellScript = "\"${SRCROOT}/Pods/Target Support Files/Pods-DKPracticeProject/Pods-DKPracticeProject-resources.sh\"\n";
			showEnvVarsInLog = 0;
		};
		6FED0384317F8C7940C7CE72 /* 📦 Check Pods Manifest.lock */ = {
			isa = PBXShellScriptBuildPhase;
			buildActionMask = 2147483647;
			files = (
			);
			inputPaths = (
			);
			name = "📦 Check Pods Manifest.lock";
			outputPaths = (
			);
			runOnlyForDeploymentPostprocessing = 0;
			shellPath = /bin/sh;
			shellScript = "diff \"${PODS_ROOT}/../Podfile.lock\" \"${PODS_ROOT}/Manifest.lock\" > /dev/null\nif [[ $? != 0 ]] ; then\n    cat << EOM\nerror: The sandbox is not in sync with the Podfile.lock. Run 'pod install' or update your CocoaPods installation.\nEOM\n    exit 1\nfi\n";
			showEnvVarsInLog = 0;
		};
		9CE24D394003E47BAAFE33B6 /* 📦 Check Pods Manifest.lock */ = {
			isa = PBXShellScriptBuildPhase;
			buildActionMask = 2147483647;
			files = (
			);
			inputPaths = (
			);
			name = "📦 Check Pods Manifest.lock";
			outputPaths = (
			);
			runOnlyForDeploymentPostprocessing = 0;
			shellPath = /bin/sh;
			shellScript = "diff \"${PODS_ROOT}/../Podfile.lock\" \"${PODS_ROOT}/Manifest.lock\" > /dev/null\nif [[ $? != 0 ]] ; then\n    cat << EOM\nerror: The sandbox is not in sync with the Podfile.lock. Run 'pod install' or update your CocoaPods installation.\nEOM\n    exit 1\nfi\n";
			showEnvVarsInLog = 0;
		};
		BDD8184754C592512E7E1501 /* 📦 Embed Pods Frameworks */ = {
			isa = PBXShellScriptBuildPhase;
			buildActionMask = 2147483647;
			files = (
			);
			inputPaths = (
			);
			name = "📦 Embed Pods Frameworks";
			outputPaths = (
			);
			runOnlyForDeploymentPostprocessing = 0;
			shellPath = /bin/sh;
			shellScript = "\"${SRCROOT}/Pods/Target Support Files/Pods-DKPracticeProject/Pods-DKPracticeProject-frameworks.sh\"\n";
			showEnvVarsInLog = 0;
		};
		C139556C2463CFB27C1CB99F /* 📦 Copy Pods Resources */ = {
			isa = PBXShellScriptBuildPhase;
			buildActionMask = 2147483647;
			files = (
			);
			inputPaths = (
			);
			name = "📦 Copy Pods Resources";
			outputPaths = (
			);
			runOnlyForDeploymentPostprocessing = 0;
			shellPath = /bin/sh;
			shellScript = "\"${SRCROOT}/Pods/Target Support Files/Pods-DKPracticeProjectTests/Pods-DKPracticeProjectTests-resources.sh\"\n";
			showEnvVarsInLog = 0;
		};
/* End PBXShellScriptBuildPhase section */

/* Begin PBXSourcesBuildPhase section */
		FF01F5A21E49BCFA00B4512C /* Sources */ = {
			isa = PBXSourcesBuildPhase;
			buildActionMask = 2147483647;
			files = (
				FF0205AF1E5D8B3200AF3D50 /* DKTabBarController.m in Sources */,
				FF0205A91E5D7DB000AF3D50 /* DKNavigationController.m in Sources */,
				FF01F5B11E49BCFA00B4512C /* ViewController.m in Sources */,
				FF2AB65C1E4AC9FC000355B5 /* DkGuidePageVc.m in Sources */,
				FF0205AC1E5D7E1A00AF3D50 /* DKAVPlayerViewController.m in Sources */,
				FF01F5AE1E49BCFA00B4512C /* AppDelegate.m in Sources */,
				FF01F5AB1E49BCFA00B4512C /* main.m in Sources */,
			);
			runOnlyForDeploymentPostprocessing = 0;
		};
		FF01F5BB1E49BCFA00B4512C /* Sources */ = {
			isa = PBXSourcesBuildPhase;
			buildActionMask = 2147483647;
			files = (
				FF01F5C41E49BCFA00B4512C /* DKPracticeProjectTests.m in Sources */,
			);
			runOnlyForDeploymentPostprocessing = 0;
		};
		FF01F5C61E49BCFA00B4512C /* Sources */ = {
			isa = PBXSourcesBuildPhase;
			buildActionMask = 2147483647;
			files = (
				FF01F5CF1E49BCFA00B4512C /* DKPracticeProjectUITests.m in Sources */,
			);
			runOnlyForDeploymentPostprocessing = 0;
		};
/* End PBXSourcesBuildPhase section */

/* Begin PBXTargetDependency section */
		FF01F5C11E49BCFA00B4512C /* PBXTargetDependency */ = {
			isa = PBXTargetDependency;
			target = FF01F5A51E49BCFA00B4512C /* DKPracticeProject */;
			targetProxy = FF01F5C01E49BCFA00B4512C /* PBXContainerItemProxy */;
		};
		FF01F5CC1E49BCFA00B4512C /* PBXTargetDependency */ = {
			isa = PBXTargetDependency;
			target = FF01F5A51E49BCFA00B4512C /* DKPracticeProject */;
			targetProxy = FF01F5CB1E49BCFA00B4512C /* PBXContainerItemProxy */;
		};
/* End PBXTargetDependency section */

/* Begin PBXVariantGroup section */
		FF01F5B21E49BCFA00B4512C /* Main.storyboard */ = {
			isa = PBXVariantGroup;
			children = (
				FF01F5B31E49BCFA00B4512C /* Base */,
			);
			name = Main.storyboard;
			sourceTree = "<group>";
		};
		FF01F5B71E49BCFA00B4512C /* LaunchScreen.storyboard */ = {
			isa = PBXVariantGroup;
			children = (
				FF01F5B81E49BCFA00B4512C /* Base */,
			);
			name = LaunchScreen.storyboard;
			sourceTree = "<group>";
		};
/* End PBXVariantGroup section */

/* Begin XCBuildConfiguration section */
		FF01F5D11E49BCFA00B4512C /* Debug */ = {
			isa = XCBuildConfiguration;
			buildSettings = {
				ALWAYS_SEARCH_USER_PATHS = NO;
				CLANG_ANALYZER_NONNULL = YES;
				CLANG_CXX_LANGUAGE_STANDARD = "gnu++0x";
				CLANG_CXX_LIBRARY = "libc++";
				CLANG_ENABLE_MODULES = YES;
				CLANG_ENABLE_OBJC_ARC = YES;
				CLANG_WARN_BOOL_CONVERSION = YES;
				CLANG_WARN_CONSTANT_CONVERSION = YES;
				CLANG_WARN_DIRECT_OBJC_ISA_USAGE = YES_ERROR;
				CLANG_WARN_DOCUMENTATION_COMMENTS = YES;
				CLANG_WARN_EMPTY_BODY = YES;
				CLANG_WARN_ENUM_CONVERSION = YES;
				CLANG_WARN_INFINITE_RECURSION = YES;
				CLANG_WARN_INT_CONVERSION = YES;
				CLANG_WARN_OBJC_ROOT_CLASS = YES_ERROR;
				CLANG_WARN_SUSPICIOUS_MOVE = YES;
				CLANG_WARN_UNREACHABLE_CODE = YES;
				CLANG_WARN__DUPLICATE_METHOD_MATCH = YES;
				"CODE_SIGN_IDENTITY[sdk=iphoneos*]" = "iPhone Developer";
				COPY_PHASE_STRIP = NO;
				DEBUG_INFORMATION_FORMAT = dwarf;
				ENABLE_STRICT_OBJC_MSGSEND = YES;
				ENABLE_TESTABILITY = YES;
				GCC_C_LANGUAGE_STANDARD = gnu99;
				GCC_DYNAMIC_NO_PIC = NO;
				GCC_NO_COMMON_BLOCKS = YES;
				GCC_OPTIMIZATION_LEVEL = 0;
				GCC_PREPROCESSOR_DEFINITIONS = (
					"DEBUG=1",
					"$(inherited)",
				);
				GCC_WARN_64_TO_32_BIT_CONVERSION = YES;
				GCC_WARN_ABOUT_RETURN_TYPE = YES_ERROR;
				GCC_WARN_UNDECLARED_SELECTOR = YES;
				GCC_WARN_UNINITIALIZED_AUTOS = YES_AGGRESSIVE;
				GCC_WARN_UNUSED_FUNCTION = YES;
				GCC_WARN_UNUSED_VARIABLE = YES;
				IPHONEOS_DEPLOYMENT_TARGET = 10.2;
				MTL_ENABLE_DEBUG_INFO = YES;
				ONLY_ACTIVE_ARCH = YES;
				SDKROOT = iphoneos;
			};
			name = Debug;
		};
		FF01F5D21E49BCFA00B4512C /* Release */ = {
			isa = XCBuildConfiguration;
			buildSettings = {
				ALWAYS_SEARCH_USER_PATHS = NO;
				CLANG_ANALYZER_NONNULL = YES;
				CLANG_CXX_LANGUAGE_STANDARD = "gnu++0x";
				CLANG_CXX_LIBRARY = "libc++";
				CLANG_ENABLE_MODULES = YES;
				CLANG_ENABLE_OBJC_ARC = YES;
				CLANG_WARN_BOOL_CONVERSION = YES;
				CLANG_WARN_CONSTANT_CONVERSION = YES;
				CLANG_WARN_DIRECT_OBJC_ISA_USAGE = YES_ERROR;
				CLANG_WARN_DOCUMENTATION_COMMENTS = YES;
				CLANG_WARN_EMPTY_BODY = YES;
				CLANG_WARN_ENUM_CONVERSION = YES;
				CLANG_WARN_INFINITE_RECURSION = YES;
				CLANG_WARN_INT_CONVERSION = YES;
				CLANG_WARN_OBJC_ROOT_CLASS = YES_ERROR;
				CLANG_WARN_SUSPICIOUS_MOVE = YES;
				CLANG_WARN_UNREACHABLE_CODE = YES;
				CLANG_WARN__DUPLICATE_METHOD_MATCH = YES;
				"CODE_SIGN_IDENTITY[sdk=iphoneos*]" = "iPhone Developer";
				COPY_PHASE_STRIP = NO;
				DEBUG_INFORMATION_FORMAT = "dwarf-with-dsym";
				ENABLE_NS_ASSERTIONS = NO;
				ENABLE_STRICT_OBJC_MSGSEND = YES;
				GCC_C_LANGUAGE_STANDARD = gnu99;
				GCC_NO_COMMON_BLOCKS = YES;
				GCC_WARN_64_TO_32_BIT_CONVERSION = YES;
				GCC_WARN_ABOUT_RETURN_TYPE = YES_ERROR;
				GCC_WARN_UNDECLARED_SELECTOR = YES;
				GCC_WARN_UNINITIALIZED_AUTOS = YES_AGGRESSIVE;
				GCC_WARN_UNUSED_FUNCTION = YES;
				GCC_WARN_UNUSED_VARIABLE = YES;
				IPHONEOS_DEPLOYMENT_TARGET = 10.2;
				MTL_ENABLE_DEBUG_INFO = NO;
				SDKROOT = iphoneos;
				VALIDATE_PRODUCT = YES;
			};
			name = Release;
		};
		FF01F5D41E49BCFA00B4512C /* Debug */ = {
			isa = XCBuildConfiguration;
			baseConfigurationReference = 5E8DE74184D88C854E68FCC7 /* Pods-DKPracticeProject.debug.xcconfig */;
			buildSettings = {
				ASSETCATALOG_COMPILER_APPICON_NAME = AppIcon;
				DEVELOPMENT_TEAM = Y4EZ9DYXN7;
				GCC_PREFIX_HEADER = "$(SRCROOT)/DKPracticeProject/PrefixHeader.pch";
				INFOPLIST_FILE = DKPracticeProject/Info.plist;
				IPHONEOS_DEPLOYMENT_TARGET = 8.0;
				LD_RUNPATH_SEARCH_PATHS = "$(inherited) @executable_path/Frameworks";
				PRODUCT_BUNDLE_IDENTIFIER = com.dk.DKPracticeProject;
				PRODUCT_NAME = "$(TARGET_NAME)";
				USER_HEADER_SEARCH_PATHS = "";
			};
			name = Debug;
		};
		FF01F5D51E49BCFA00B4512C /* Release */ = {
			isa = XCBuildConfiguration;
			baseConfigurationReference = 60CF24CE4F4B0F94C5C91261 /* Pods-DKPracticeProject.release.xcconfig */;
			buildSettings = {
				ASSETCATALOG_COMPILER_APPICON_NAME = AppIcon;
				DEVELOPMENT_TEAM = Y4EZ9DYXN7;
				GCC_PREFIX_HEADER = "$(SRCROOT)/DKPracticeProject/PrefixHeader.pch";
				INFOPLIST_FILE = DKPracticeProject/Info.plist;
				IPHONEOS_DEPLOYMENT_TARGET = 8.0;
				LD_RUNPATH_SEARCH_PATHS = "$(inherited) @executable_path/Frameworks";
				PRODUCT_BUNDLE_IDENTIFIER = com.dk.DKPracticeProject;
				PRODUCT_NAME = "$(TARGET_NAME)";
				USER_HEADER_SEARCH_PATHS = "";
			};
			name = Release;
		};
		FF01F5D71E49BCFA00B4512C /* Debug */ = {
			isa = XCBuildConfiguration;
			baseConfigurationReference = 07EC075143F0848F727AC3D9 /* Pods-DKPracticeProjectTests.debug.xcconfig */;
			buildSettings = {
				BUNDLE_LOADER = "$(TEST_HOST)";
				DEVELOPMENT_TEAM = Y4EZ9DYXN7;
				INFOPLIST_FILE = DKPracticeProjectTests/Info.plist;
				LD_RUNPATH_SEARCH_PATHS = "$(inherited) @executable_path/Frameworks @loader_path/Frameworks";
				PRODUCT_BUNDLE_IDENTIFIER = com.dk.DKPracticeProjectTests;
				PRODUCT_NAME = "$(TARGET_NAME)";
				TEST_HOST = "$(BUILT_PRODUCTS_DIR)/DKPracticeProject.app/DKPracticeProject";
			};
			name = Debug;
		};
		FF01F5D81E49BCFA00B4512C /* Release */ = {
			isa = XCBuildConfiguration;
			baseConfigurationReference = BE4DCEAA47C9D7E400773DA7 /* Pods-DKPracticeProjectTests.release.xcconfig */;
			buildSettings = {
				BUNDLE_LOADER = "$(TEST_HOST)";
				DEVELOPMENT_TEAM = Y4EZ9DYXN7;
				INFOPLIST_FILE = DKPracticeProjectTests/Info.plist;
				LD_RUNPATH_SEARCH_PATHS = "$(inherited) @executable_path/Frameworks @loader_path/Frameworks";
				PRODUCT_BUNDLE_IDENTIFIER = com.dk.DKPracticeProjectTests;
				PRODUCT_NAME = "$(TARGET_NAME)";
				TEST_HOST = "$(BUILT_PRODUCTS_DIR)/DKPracticeProject.app/DKPracticeProject";
			};
			name = Release;
		};
		FF01F5DA1E49BCFA00B4512C /* Debug */ = {
			isa = XCBuildConfiguration;
			baseConfigurationReference = FE733568C3B747B2570E2C0E /* Pods-DKPracticeProjectUITests.debug.xcconfig */;
			buildSettings = {
				DEVELOPMENT_TEAM = Y4EZ9DYXN7;
				INFOPLIST_FILE = DKPracticeProjectUITests/Info.plist;
				LD_RUNPATH_SEARCH_PATHS = "$(inherited) @executable_path/Frameworks @loader_path/Frameworks";
				PRODUCT_BUNDLE_IDENTIFIER = com.dk.DKPracticeProjectUITests;
				PRODUCT_NAME = "$(TARGET_NAME)";
				TEST_TARGET_NAME = DKPracticeProject;
			};
			name = Debug;
		};
		FF01F5DB1E49BCFA00B4512C /* Release */ = {
			isa = XCBuildConfiguration;
			baseConfigurationReference = 4293FA1A301C64793D983510 /* Pods-DKPracticeProjectUITests.release.xcconfig */;
			buildSettings = {
				DEVELOPMENT_TEAM = Y4EZ9DYXN7;
				INFOPLIST_FILE = DKPracticeProjectUITests/Info.plist;
				LD_RUNPATH_SEARCH_PATHS = "$(inherited) @executable_path/Frameworks @loader_path/Frameworks";
				PRODUCT_BUNDLE_IDENTIFIER = com.dk.DKPracticeProjectUITests;
				PRODUCT_NAME = "$(TARGET_NAME)";
				TEST_TARGET_NAME = DKPracticeProject;
			};
			name = Release;
		};
/* End XCBuildConfiguration section */

/* Begin XCConfigurationList section */
		FF01F5A11E49BCFA00B4512C /* Build configuration list for PBXProject "DKPracticeProject" */ = {
			isa = XCConfigurationList;
			buildConfigurations = (
				FF01F5D11E49BCFA00B4512C /* Debug */,
				FF01F5D21E49BCFA00B4512C /* Release */,
			);
			defaultConfigurationIsVisible = 0;
			defaultConfigurationName = Release;
		};
		FF01F5D31E49BCFA00B4512C /* Build configuration list for PBXNativeTarget "DKPracticeProject" */ = {
			isa = XCConfigurationList;
			buildConfigurations = (
				FF01F5D41E49BCFA00B4512C /* Debug */,
				FF01F5D51E49BCFA00B4512C /* Release */,
			);
			defaultConfigurationIsVisible = 0;
			defaultConfigurationName = Release;
		};
		FF01F5D61E49BCFA00B4512C /* Build configuration list for PBXNativeTarget "DKPracticeProjectTests" */ = {
			isa = XCConfigurationList;
			buildConfigurations = (
				FF01F5D71E49BCFA00B4512C /* Debug */,
				FF01F5D81E49BCFA00B4512C /* Release */,
			);
			defaultConfigurationIsVisible = 0;
			defaultConfigurationName = Release;
		};
		FF01F5D91E49BCFA00B4512C /* Build configuration list for PBXNativeTarget "DKPracticeProjectUITests" */ = {
			isa = XCConfigurationList;
			buildConfigurations = (
				FF01F5DA1E49BCFA00B4512C /* Debug */,
				FF01F5DB1E49BCFA00B4512C /* Release */,
			);
			defaultConfigurationIsVisible = 0;
			defaultConfigurationName = Release;
		};
/* End XCConfigurationList section */
	};
	rootObject = FF01F59E1E49BCFA00B4512C /* Project object */;
}
